// !$*UTF8*$!
{
	archiveVersion = 1;
	classes = {
	};
	objectVersion = 50;
	objects = {

/* Begin PBXBuildFile section */
		9CAF3BD0231CBB390030BF6F /* AppDelegate.swift in Sources */ = {isa = PBXBuildFile; fileRef = 9CAF3BCF231CBB390030BF6F /* AppDelegate.swift */; };
		9CAF3BD2231CBB390030BF6F /* ViewController.swift in Sources */ = {isa = PBXBuildFile; fileRef = 9CAF3BD1231CBB390030BF6F /* ViewController.swift */; };
		9CAF3BD5231CBB390030BF6F /* Main.storyboard in Resources */ = {isa = PBXBuildFile; fileRef = 9CAF3BD3231CBB390030BF6F /* Main.storyboard */; };
		9CAF3BD7231CBB3A0030BF6F /* Assets.xcassets in Resources */ = {isa = PBXBuildFile; fileRef = 9CAF3BD6231CBB3A0030BF6F /* Assets.xcassets */; };
		9CAF3BDA231CBB3A0030BF6F /* LaunchScreen.storyboard in Resources */ = {isa = PBXBuildFile; fileRef = 9CAF3BD8231CBB3A0030BF6F /* LaunchScreen.storyboard */; };
		9CAF3BE5231CBB3A0030BF6F /* CodeViewTests.swift in Sources */ = {isa = PBXBuildFile; fileRef = 9CAF3BE4231CBB3A0030BF6F /* CodeViewTests.swift */; };
		9CAF3BF0231CBB3A0030BF6F /* CodeViewUITests.swift in Sources */ = {isa = PBXBuildFile; fileRef = 9CAF3BEF231CBB3A0030BF6F /* CodeViewUITests.swift */; };
		9CAF3BFF231CBB870030BF6F /* CodeView.swift in Sources */ = {isa = PBXBuildFile; fileRef = 9CAF3BFE231CBB870030BF6F /* CodeView.swift */; };
/* End PBXBuildFile section */

/* Begin PBXContainerItemProxy section */
		9CAF3BE1231CBB3A0030BF6F /* PBXContainerItemProxy */ = {
			isa = PBXContainerItemProxy;
			containerPortal = 9CAF3BC4231CBB390030BF6F /* Project object */;
			proxyType = 1;
			remoteGlobalIDString = 9CAF3BCB231CBB390030BF6F;
			remoteInfo = CodeView;
		};
		9CAF3BEC231CBB3A0030BF6F /* PBXContainerItemProxy */ = {
			isa = PBXContainerItemProxy;
			containerPortal = 9CAF3BC4231CBB390030BF6F /* Project object */;
			proxyType = 1;
			remoteGlobalIDString = 9CAF3BCB231CBB390030BF6F;
			remoteInfo = CodeView;
		};
/* End PBXContainerItemProxy section */

/* Begin PBXFileReference section */
		9CAF3BCC231CBB390030BF6F /* CodeView.app */ = {isa = PBXFileReference; explicitFileType = wrapper.application; includeInIndex = 0; path = CodeView.app; sourceTree = BUILT_PRODUCTS_DIR; };
		9CAF3BCF231CBB390030BF6F /* AppDelegate.swift */ = {isa = PBXFileReference; lastKnownFileType = sourcecode.swift; path = AppDelegate.swift; sourceTree = "<group>"; };
		9CAF3BD1231CBB390030BF6F /* ViewController.swift */ = {isa = PBXFileReference; lastKnownFileType = sourcecode.swift; path = ViewController.swift; sourceTree = "<group>"; };
		9CAF3BD4231CBB390030BF6F /* Base */ = {isa = PBXFileReference; lastKnownFileType = file.storyboard; name = Base; path = Base.lproj/Main.storyboard; sourceTree = "<group>"; };
		9CAF3BD6231CBB3A0030BF6F /* Assets.xcassets */ = {isa = PBXFileReference; lastKnownFileType = folder.assetcatalog; path = Assets.xcassets; sourceTree = "<group>"; };
		9CAF3BD9231CBB3A0030BF6F /* Base */ = {isa = PBXFileReference; lastKnownFileType = file.storyboard; name = Base; path = Base.lproj/LaunchScreen.storyboard; sourceTree = "<group>"; };
		9CAF3BDB231CBB3A0030BF6F /* Info.plist */ = {isa = PBXFileReference; lastKnownFileType = text.plist.xml; path = Info.plist; sourceTree = "<group>"; };
		9CAF3BE0231CBB3A0030BF6F /* CodeViewTests.xctest */ = {isa = PBXFileReference; explicitFileType = wrapper.cfbundle; includeInIndex = 0; path = CodeViewTests.xctest; sourceTree = BUILT_PRODUCTS_DIR; };
		9CAF3BE4231CBB3A0030BF6F /* CodeViewTests.swift */ = {isa = PBXFileReference; lastKnownFileType = sourcecode.swift; path = CodeViewTests.swift; sourceTree = "<group>"; };
		9CAF3BE6231CBB3A0030BF6F /* Info.plist */ = {isa = PBXFileReference; lastKnownFileType = text.plist.xml; path = Info.plist; sourceTree = "<group>"; };
		9CAF3BEB231CBB3A0030BF6F /* CodeViewUITests.xctest */ = {isa = PBXFileReference; explicitFileType = wrapper.cfbundle; includeInIndex = 0; path = CodeViewUITests.xctest; sourceTree = BUILT_PRODUCTS_DIR; };
		9CAF3BEF231CBB3A0030BF6F /* CodeViewUITests.swift */ = {isa = PBXFileReference; lastKnownFileType = sourcecode.swift; path = CodeViewUITests.swift; sourceTree = "<group>"; };
		9CAF3BF1231CBB3A0030BF6F /* Info.plist */ = {isa = PBXFileReference; lastKnownFileType = text.plist.xml; path = Info.plist; sourceTree = "<group>"; };
		9CAF3BFE231CBB870030BF6F /* CodeView.swift */ = {isa = PBXFileReference; lastKnownFileType = sourcecode.swift; path = CodeView.swift; sourceTree = "<group>"; };
/* End PBXFileReference section */

/* Begin PBXFrameworksBuildPhase section */
		9CAF3BC9231CBB390030BF6F /* Frameworks */ = {
			isa = PBXFrameworksBuildPhase;
			buildActionMask = 2147483647;
			files = (
			);
			runOnlyForDeploymentPostprocessing = 0;
		};
		9CAF3BDD231CBB3A0030BF6F /* Frameworks */ = {
			isa = PBXFrameworksBuildPhase;
			buildActionMask = 2147483647;
			files = (
			);
			runOnlyForDeploymentPostprocessing = 0;
		};
		9CAF3BE8231CBB3A0030BF6F /* Frameworks */ = {
			isa = PBXFrameworksBuildPhase;
			buildActionMask = 2147483647;
			files = (
			);
			runOnlyForDeploymentPostprocessing = 0;
		};
/* End PBXFrameworksBuildPhase section */

/* Begin PBXGroup section */
		9CAF3BC3231CBB390030BF6F = {
			isa = PBXGroup;
			children = (
				9CAF3BCE231CBB390030BF6F /* CodeView */,
				9CAF3BE3231CBB3A0030BF6F /* CodeViewTests */,
				9CAF3BEE231CBB3A0030BF6F /* CodeViewUITests */,
				9CAF3BCD231CBB390030BF6F /* Products */,
			);
			sourceTree = "<group>";
		};
		9CAF3BCD231CBB390030BF6F /* Products */ = {
			isa = PBXGroup;
			children = (
				9CAF3BCC231CBB390030BF6F /* CodeView.app */,
				9CAF3BE0231CBB3A0030BF6F /* CodeViewTests.xctest */,
				9CAF3BEB231CBB3A0030BF6F /* CodeViewUITests.xctest */,
			);
			name = Products;
			sourceTree = "<group>";
		};
		9CAF3BCE231CBB390030BF6F /* CodeView */ = {
			isa = PBXGroup;
			children = (
				9CAF3BFD231CBB6B0030BF6F /* CodeView */,
				9CAF3BCF231CBB390030BF6F /* AppDelegate.swift */,
				9CAF3BD1231CBB390030BF6F /* ViewController.swift */,
				9CAF3BD3231CBB390030BF6F /* Main.storyboard */,
				9CAF3BD6231CBB3A0030BF6F /* Assets.xcassets */,
				9CAF3BD8231CBB3A0030BF6F /* LaunchScreen.storyboard */,
				9CAF3BDB231CBB3A0030BF6F /* Info.plist */,
			);
			path = CodeView;
			sourceTree = "<group>";
		};
		9CAF3BE3231CBB3A0030BF6F /* CodeViewTests */ = {
			isa = PBXGroup;
			children = (
				9CAF3BE4231CBB3A0030BF6F /* CodeViewTests.swift */,
				9CAF3BE6231CBB3A0030BF6F /* Info.plist */,
			);
			path = CodeViewTests;
			sourceTree = "<group>";
		};
		9CAF3BEE231CBB3A0030BF6F /* CodeViewUITests */ = {
			isa = PBXGroup;
			children = (
				9CAF3BEF231CBB3A0030BF6F /* CodeViewUITests.swift */,
				9CAF3BF1231CBB3A0030BF6F /* Info.plist */,
			);
			path = CodeViewUITests;
			sourceTree = "<group>";
		};
		9CAF3BFD231CBB6B0030BF6F /* CodeView */ = {
			isa = PBXGroup;
			children = (
				9CAF3BFE231CBB870030BF6F /* CodeView.swift */,
			);
			path = CodeView;
			sourceTree = "<group>";
		};
/* End PBXGroup section */

/* Begin PBXNativeTarget section */
		9CAF3BCB231CBB390030BF6F /* CodeView */ = {
			isa = PBXNativeTarget;
			buildConfigurationList = 9CAF3BF4231CBB3A0030BF6F /* Build configuration list for PBXNativeTarget "CodeView" */;
			buildPhases = (
				9CAF3BC8231CBB390030BF6F /* Sources */,
				9CAF3BC9231CBB390030BF6F /* Frameworks */,
				9CAF3BCA231CBB390030BF6F /* Resources */,
			);
			buildRules = (
			);
			dependencies = (
			);
			name = CodeView;
			productName = CodeView;
			productReference = 9CAF3BCC231CBB390030BF6F /* CodeView.app */;
			productType = "com.apple.product-type.application";
		};
		9CAF3BDF231CBB3A0030BF6F /* CodeViewTests */ = {
			isa = PBXNativeTarget;
			buildConfigurationList = 9CAF3BF7231CBB3A0030BF6F /* Build configuration list for PBXNativeTarget "CodeViewTests" */;
			buildPhases = (
				9CAF3BDC231CBB3A0030BF6F /* Sources */,
				9CAF3BDD231CBB3A0030BF6F /* Frameworks */,
				9CAF3BDE231CBB3A0030BF6F /* Resources */,
			);
			buildRules = (
			);
			dependencies = (
				9CAF3BE2231CBB3A0030BF6F /* PBXTargetDependency */,
			);
			name = CodeViewTests;
			productName = CodeViewTests;
			productReference = 9CAF3BE0231CBB3A0030BF6F /* CodeViewTests.xctest */;
			productType = "com.apple.product-type.bundle.unit-test";
		};
		9CAF3BEA231CBB3A0030BF6F /* CodeViewUITests */ = {
			isa = PBXNativeTarget;
			buildConfigurationList = 9CAF3BFA231CBB3A0030BF6F /* Build configuration list for PBXNativeTarget "CodeViewUITests" */;
			buildPhases = (
				9CAF3BE7231CBB3A0030BF6F /* Sources */,
				9CAF3BE8231CBB3A0030BF6F /* Frameworks */,
				9CAF3BE9231CBB3A0030BF6F /* Resources */,
			);
			buildRules = (
			);
			dependencies = (
				9CAF3BED231CBB3A0030BF6F /* PBXTargetDependency */,
			);
			name = CodeViewUITests;
			productName = CodeViewUITests;
			productReference = 9CAF3BEB231CBB3A0030BF6F /* CodeViewUITests.xctest */;
			productType = "com.apple.product-type.bundle.ui-testing";
		};
/* End PBXNativeTarget section */

/* Begin PBXProject section */
		9CAF3BC4231CBB390030BF6F /* Project object */ = {
			isa = PBXProject;
			attributes = {
				LastSwiftUpdateCheck = 1020;
				LastUpgradeCheck = 1020;
				ORGANIZATIONNAME = zksz;
				TargetAttributes = {
					9CAF3BCB231CBB390030BF6F = {
						CreatedOnToolsVersion = 10.2.1;
					};
					9CAF3BDF231CBB3A0030BF6F = {
						CreatedOnToolsVersion = 10.2.1;
						TestTargetID = 9CAF3BCB231CBB390030BF6F;
					};
					9CAF3BEA231CBB3A0030BF6F = {
						CreatedOnToolsVersion = 10.2.1;
						TestTargetID = 9CAF3BCB231CBB390030BF6F;
					};
				};
			};
			buildConfigurationList = 9CAF3BC7231CBB390030BF6F /* Build configuration list for PBXProject "CodeView" */;
			compatibilityVersion = "Xcode 9.3";
			developmentRegion = en;
			hasScannedForEncodings = 0;
			knownRegions = (
				en,
				Base,
			);
			mainGroup = 9CAF3BC3231CBB390030BF6F;
			productRefGroup = 9CAF3BCD231CBB390030BF6F /* Products */;
			projectDirPath = "";
			projectRoot = "";
			targets = (
				9CAF3BCB231CBB390030BF6F /* CodeView */,
				9CAF3BDF231CBB3A0030BF6F /* CodeViewTests */,
				9CAF3BEA231CBB3A0030BF6F /* CodeViewUITests */,
			);
		};
/* End PBXProject section */

/* Begin PBXResourcesBuildPhase section */
		9CAF3BCA231CBB390030BF6F /* Resources */ = {
			isa = PBXResourcesBuildPhase;
			buildActionMask = 2147483647;
			files = (
				9CAF3BDA231CBB3A0030BF6F /* LaunchScreen.storyboard in Resources */,
				9CAF3BD7231CBB3A0030BF6F /* Assets.xcassets in Resources */,
				9CAF3BD5231CBB390030BF6F /* Main.storyboard in Resources */,
			);
			runOnlyForDeploymentPostprocessing = 0;
		};
		9CAF3BDE231CBB3A0030BF6F /* Resources */ = {
			isa = PBXResourcesBuildPhase;
			buildActionMask = 2147483647;
			files = (
			);
			runOnlyForDeploymentPostprocessing = 0;
		};
		9CAF3BE9231CBB3A0030BF6F /* Resources */ = {
			isa = PBXResourcesBuildPhase;
			buildActionMask = 2147483647;
			files = (
			);
			runOnlyForDeploymentPostprocessing = 0;
		};
/* End PBXResourcesBuildPhase section */

/* Begin PBXSourcesBuildPhase section */
		9CAF3BC8231CBB390030BF6F /* Sources */ = {
			isa = PBXSourcesBuildPhase;
			buildActionMask = 2147483647;
			files = (
				9CAF3BFF231CBB870030BF6F /* CodeView.swift in Sources */,
				9CAF3BD2231CBB390030BF6F /* ViewController.swift in Sources */,
				9CAF3BD0231CBB390030BF6F /* AppDelegate.swift in Sources */,
			);
			runOnlyForDeploymentPostprocessing = 0;
		};
		9CAF3BDC231CBB3A0030BF6F /* Sources */ = {
			isa = PBXSourcesBuildPhase;
			buildActionMask = 2147483647;
			files = (
				9CAF3BE5231CBB3A0030BF6F /* CodeViewTests.swift in Sources */,
			);
			runOnlyForDeploymentPostprocessing = 0;
		};
		9CAF3BE7231CBB3A0030BF6F /* Sources */ = {
			isa = PBXSourcesBuildPhase;
			buildActionMask = 2147483647;
			files = (
				9CAF3BF0231CBB3A0030BF6F /* CodeViewUITests.swift in Sources */,
			);
			runOnlyForDeploymentPostprocessing = 0;
		};
/* End PBXSourcesBuildPhase section */

/* Begin PBXTargetDependency section */
		9CAF3BE2231CBB3A0030BF6F /* PBXTargetDependency */ = {
			isa = PBXTargetDependency;
			target = 9CAF3BCB231CBB390030BF6F /* CodeView */;
			targetProxy = 9CAF3BE1231CBB3A0030BF6F /* PBXContainerItemProxy */;
		};
		9CAF3BED231CBB3A0030BF6F /* PBXTargetDependency */ = {
			isa = PBXTargetDependency;
			target = 9CAF3BCB231CBB390030BF6F /* CodeView */;
			targetProxy = 9CAF3BEC231CBB3A0030BF6F /* PBXContainerItemProxy */;
		};
/* End PBXTargetDependency section */

/* Begin PBXVariantGroup section */
		9CAF3BD3231CBB390030BF6F /* Main.storyboard */ = {
			isa = PBXVariantGroup;
			children = (
				9CAF3BD4231CBB390030BF6F /* Base */,
			);
			name = Main.storyboard;
			sourceTree = "<group>";
		};
		9CAF3BD8231CBB3A0030BF6F /* LaunchScreen.storyboard */ = {
			isa = PBXVariantGroup;
			children = (
				9CAF3BD9231CBB3A0030BF6F /* Base */,
			);
			name = LaunchScreen.storyboard;
			sourceTree = "<group>";
		};
/* End PBXVariantGroup section */

/* Begin XCBuildConfiguration section */
		9CAF3BF2231CBB3A0030BF6F /* Debug */ = {
			isa = XCBuildConfiguration;
			buildSettings = {
				ALWAYS_SEARCH_USER_PATHS = NO;
				CLANG_ANALYZER_NONNULL = YES;
				CLANG_ANALYZER_NUMBER_OBJECT_CONVERSION = YES_AGGRESSIVE;
				CLANG_CXX_LANGUAGE_STANDARD = "gnu++14";
				CLANG_CXX_LIBRARY = "libc++";
				CLANG_ENABLE_MODULES = YES;
				CLANG_ENABLE_OBJC_ARC = YES;
				CLANG_ENABLE_OBJC_WEAK = YES;
				CLANG_WARN_BLOCK_CAPTURE_AUTORELEASING = YES;
				CLANG_WARN_BOOL_CONVERSION = YES;
				CLANG_WARN_COMMA = YES;
				CLANG_WARN_CONSTANT_CONVERSION = YES;
				CLANG_WARN_DEPRECATED_OBJC_IMPLEMENTATIONS = YES;
				CLANG_WARN_DIRECT_OBJC_ISA_USAGE = YES_ERROR;
				CLANG_WARN_DOCUMENTATION_COMMENTS = YES;
				CLANG_WARN_EMPTY_BODY = YES;
				CLANG_WARN_ENUM_CONVERSION = YES;
				CLANG_WARN_INFINITE_RECURSION = YES;
				CLANG_WARN_INT_CONVERSION = YES;
				CLANG_WARN_NON_LITERAL_NULL_CONVERSION = YES;
				CLANG_WARN_OBJC_IMPLICIT_RETAIN_SELF = YES;
				CLANG_WARN_OBJC_LITERAL_CONVERSION = YES;
				CLANG_WARN_OBJC_ROOT_CLASS = YES_ERROR;
				CLANG_WARN_RANGE_LOOP_ANALYSIS = YES;
				CLANG_WARN_STRICT_PROTOTYPES = YES;
				CLANG_WARN_SUSPICIOUS_MOVE = YES;
				CLANG_WARN_UNGUARDED_AVAILABILITY = YES_AGGRESSIVE;
				CLANG_WARN_UNREACHABLE_CODE = YES;
				CLANG_WARN__DUPLICATE_METHOD_MATCH = YES;
				CODE_SIGN_IDENTITY = "iPhone Developer";
				COPY_PHASE_STRIP = NO;
				DEBUG_INFORMATION_FORMAT = dwarf;
				ENABLE_STRICT_OBJC_MSGSEND = YES;
				ENABLE_TESTABILITY = YES;
				GCC_C_LANGUAGE_STANDARD = gnu11;
				GCC_DYNAMIC_NO_PIC = NO;
				GCC_NO_COMMON_BLOCKS = YES;
				GCC_OPTIMIZATION_LEVEL = 0;
				GCC_PREPROCESSOR_DEFINITIONS = (
					"DEBUG=1",
					"$(inherited)",
				);
				GCC_WARN_64_TO_32_BIT_CONVERSION = YES;
				GCC_WARN_ABOUT_RETURN_TYPE = YES_ERROR;
				GCC_WARN_UNDECLARED_SELECTOR = YES;
				GCC_WARN_UNINITIALIZED_AUTOS = YES_AGGRESSIVE;
				GCC_WARN_UNUSED_FUNCTION = YES;
				GCC_WARN_UNUSED_VARIABLE = YES;
				IPHONEOS_DEPLOYMENT_TARGET = 12.2;
				MTL_ENABLE_DEBUG_INFO = INCLUDE_SOURCE;
				MTL_FAST_MATH = YES;
				ONLY_ACTIVE_ARCH = YES;
				SDKROOT = iphoneos;
				SWIFT_ACTIVE_COMPILATION_CONDITIONS = DEBUG;
				SWIFT_OPTIMIZATION_LEVEL = "-Onone";
			};
			name = Debug;
		};
		9CAF3BF3231CBB3A0030BF6F /* Release */ = {
			isa = XCBuildConfiguration;
			buildSettings = {
				ALWAYS_SEARCH_USER_PATHS = NO;
				CLANG_ANALYZER_NONNULL = YES;
				CLANG_ANALYZER_NUMBER_OBJECT_CONVERSION = YES_AGGRESSIVE;
				CLANG_CXX_LANGUAGE_STANDARD = "gnu++14";
				CLANG_CXX_LIBRARY = "libc++";
				CLANG_ENABLE_MODULES = YES;
				CLANG_ENABLE_OBJC_ARC = YES;
				CLANG_ENABLE_OBJC_WEAK = YES;
				CLANG_WARN_BLOCK_CAPTURE_AUTORELEASING = YES;
				CLANG_WARN_BOOL_CONVERSION = YES;
				CLANG_WARN_COMMA = YES;
				CLANG_WARN_CONSTANT_CONVERSION = YES;
				CLANG_WARN_DEPRECATED_OBJC_IMPLEMENTATIONS = YES;
				CLANG_WARN_DIRECT_OBJC_ISA_USAGE = YES_ERROR;
				CLANG_WARN_DOCUMENTATION_COMMENTS = YES;
				CLANG_WARN_EMPTY_BODY = YES;
				CLANG_WARN_ENUM_CONVERSION = YES;
				CLANG_WARN_INFINITE_RECURSION = YES;
				CLANG_WARN_INT_CONVERSION = YES;
				CLANG_WARN_NON_LITERAL_NULL_CONVERSION = YES;
				CLANG_WARN_OBJC_IMPLICIT_RETAIN_SELF = YES;
				CLANG_WARN_OBJC_LITERAL_CONVERSION = YES;
				CLANG_WARN_OBJC_ROOT_CLASS = YES_ERROR;
				CLANG_WARN_RANGE_LOOP_ANALYSIS = YES;
				CLANG_WARN_STRICT_PROTOTYPES = YES;
				CLANG_WARN_SUSPICIOUS_MOVE = YES;
				CLANG_WARN_UNGUARDED_AVAILABILITY = YES_AGGRESSIVE;
				CLANG_WARN_UNREACHABLE_CODE = YES;
				CLANG_WARN__DUPLICATE_METHOD_MATCH = YES;
				CODE_SIGN_IDENTITY = "iPhone Developer";
				COPY_PHASE_STRIP = NO;
				DEBUG_INFORMATION_FORMAT = "dwarf-with-dsym";
				ENABLE_NS_ASSERTIONS = NO;
				ENABLE_STRICT_OBJC_MSGSEND = YES;
				GCC_C_LANGUAGE_STANDARD = gnu11;
				GCC_NO_COMMON_BLOCKS = YES;
				GCC_WARN_64_TO_32_BIT_CONVERSION = YES;
				GCC_WARN_ABOUT_RETURN_TYPE = YES_ERROR;
				GCC_WARN_UNDECLARED_SELECTOR = YES;
				GCC_WARN_UNINITIALIZED_AUTOS = YES_AGGRESSIVE;
				GCC_WARN_UNUSED_FUNCTION = YES;
				GCC_WARN_UNUSED_VARIABLE = YES;
				IPHONEOS_DEPLOYMENT_TARGET = 12.2;
				MTL_ENABLE_DEBUG_INFO = NO;
				MTL_FAST_MATH = YES;
				SDKROOT = iphoneos;
				SWIFT_COMPILATION_MODE = wholemodule;
				SWIFT_OPTIMIZATION_LEVEL = "-O";
				VALIDATE_PRODUCT = YES;
			};
			name = Release;
		};
		9CAF3BF5231CBB3A0030BF6F /* Debug */ = {
			isa = XCBuildConfiguration;
			buildSettings = {
				ASSETCATALOG_COMPILER_APPICON_NAME = AppIcon;
				CODE_SIGN_STYLE = Automatic;
				DEVELOPMENT_TEAM = 2335BFG8W8;
				INFOPLIST_FILE = CodeView/Info.plist;
				LD_RUNPATH_SEARCH_PATHS = (
					"$(inherited)",
					"@executable_path/Frameworks",
				);
				PRODUCT_BUNDLE_IDENTIFIER = moerben.CodeView;
				PRODUCT_NAME = "$(TARGET_NAME)";
				SWIFT_VERSION = 5.0;
				TARGETED_DEVICE_FAMILY = "1,2";
			};
			name = Debug;
		};
		9CAF3BF6231CBB3A0030BF6F /* Release */ = {
			isa = XCBuildConfiguration;
			buildSettings = {
				ASSETCATALOG_COMPILER_APPICON_NAME = AppIcon;
				CODE_SIGN_STYLE = Automatic;
				DEVELOPMENT_TEAM = 2335BFG8W8;
				INFOPLIST_FILE = CodeView/Info.plist;
				LD_RUNPATH_SEARCH_PATHS = (
					"$(inherited)",
					"@executable_path/Frameworks",
				);
				PRODUCT_BUNDLE_IDENTIFIER = moerben.CodeView;
				PRODUCT_NAME = "$(TARGET_NAME)";
				SWIFT_VERSION = 5.0;
				TARGETED_DEVICE_FAMILY = "1,2";
			};
			name = Release;
		};
		9CAF3BF8231CBB3A0030BF6F /* Debug */ = {
			isa = XCBuildConfiguration;
			buildSettings = {
				ALWAYS_EMBED_SWIFT_STANDARD_LIBRARIES = YES;
				BUNDLE_LOADER = "$(TEST_HOST)";
				CODE_SIGN_STYLE = Automatic;
				DEVELOPMENT_TEAM = 2335BFG8W8;
				INFOPLIST_FILE = CodeViewTests/Info.plist;
				LD_RUNPATH_SEARCH_PATHS = (
					"$(inherited)",
					"@executable_path/Frameworks",
					"@loader_path/Frameworks",
				);
				PRODUCT_BUNDLE_IDENTIFIER = smartsens.CodeViewTests;
				PRODUCT_NAME = "$(TARGET_NAME)";
				SWIFT_VERSION = 5.0;
				TARGETED_DEVICE_FAMILY = "1,2";
				TEST_HOST = "$(BUILT_PRODUCTS_DIR)/CodeView.app/CodeView";
			};
			name = Debug;
		};
		9CAF3BF9231CBB3A0030BF6F /* Release */ = {
			isa = XCBuildConfiguration;
			buildSettings = {
				ALWAYS_EMBED_SWIFT_STANDARD_LIBRARIES = YES;
				BUNDLE_LOADER = "$(TEST_HOST)";
				CODE_SIGN_STYLE = Automatic;
				DEVELOPMENT_TEAM = 2335BFG8W8;
				INFOPLIST_FILE = CodeViewTests/Info.plist;
				LD_RUNPATH_SEARCH_PATHS = (
					"$(inherited)",
					"@executable_path/Frameworks",
					"@loader_path/Frameworks",
				);
				PRODUCT_BUNDLE_IDENTIFIER = smartsens.CodeViewTests;
				PRODUCT_NAME = "$(TARGET_NAME)";
				SWIFT_VERSION = 5.0;
				TARGETED_DEVICE_FAMILY = "1,2";
				TEST_HOST = "$(BUILT_PRODUCTS_DIR)/CodeView.app/CodeView";
			};
			name = Release;
		};
		9CAF3BFB231CBB3A0030BF6F /* Debug */ = {
			isa = XCBuildConfiguration;
			buildSettings = {
				ALWAYS_EMBED_SWIFT_STANDARD_LIBRARIES = YES;
				CODE_SIGN_STYLE = Automatic;
				DEVELOPMENT_TEAM = 2335BFG8W8;
				INFOPLIST_FILE = CodeViewUITests/Info.plist;
				LD_RUNPATH_SEARCH_PATHS = (
					"$(inherited)",
					"@executable_path/Frameworks",
					"@loader_path/Frameworks",
				);
				PRODUCT_BUNDLE_IDENTIFIER = smartsens.CodeViewUITests;
				PRODUCT_NAME = "$(TARGET_NAME)";
				SWIFT_VERSION = 5.0;
				TARGETED_DEVICE_FAMILY = "1,2";
				TEST_TARGET_NAME = CodeView;
			};
			name = Debug;
		};
		9CAF3BFC231CBB3A0030BF6F /* Release */ = {
			isa = XCBuildConfiguration;
			buildSettings = {
				ALWAYS_EMBED_SWIFT_STANDARD_LIBRARIES = YES;
				CODE_SIGN_STYLE = Automatic;
				DEVELOPMENT_TEAM = 2335BFG8W8;
				INFOPLIST_FILE = CodeViewUITests/Info.plist;
				LD_RUNPATH_SEARCH_PATHS = (
					"$(inherited)",
					"@executable_path/Frameworks",
					"@loader_path/Frameworks",
				);
				PRODUCT_BUNDLE_IDENTIFIER = smartsens.CodeViewUITests;
				PRODUCT_NAME = "$(TARGET_NAME)";
				SWIFT_VERSION = 5.0;
				TARGETED_DEVICE_FAMILY = "1,2";
				TEST_TARGET_NAME = CodeView;
			};
			name = Release;
		};
/* End XCBuildConfiguration section */

/* Begin XCConfigurationList section */
		9CAF3BC7231CBB390030BF6F /* Build configuration list for PBXProject "CodeView" */ = {
			isa = XCConfigurationList;
			buildConfigurations = (
				9CAF3BF2231CBB3A0030BF6F /* Debug */,
				9CAF3BF3231CBB3A0030BF6F /* Release */,
			);
			defaultConfigurationIsVisible = 0;
			defaultConfigurationName = Release;
		};
		9CAF3BF4231CBB3A0030BF6F /* Build configuration list for PBXNativeTarget "CodeView" */ = {
			isa = XCConfigurationList;
			buildConfigurations = (
				9CAF3BF5231CBB3A0030BF6F /* Debug */,
				9CAF3BF6231CBB3A0030BF6F /* Release */,
			);
			defaultConfigurationIsVisible = 0;
			defaultConfigurationName = Release;
		};
		9CAF3BF7231CBB3A0030BF6F /* Build configuration list for PBXNativeTarget "CodeViewTests" */ = {
			isa = XCConfigurationList;
			buildConfigurations = (
				9CAF3BF8231CBB3A0030BF6F /* Debug */,
				9CAF3BF9231CBB3A0030BF6F /* Release */,
			);
			defaultConfigurationIsVisible = 0;
			defaultConfigurationName = Release;
		};
		9CAF3BFA231CBB3A0030BF6F /* Build configuration list for PBXNativeTarget "CodeViewUITests" */ = {
			isa = XCConfigurationList;
			buildConfigurations = (
				9CAF3BFB231CBB3A0030BF6F /* Debug */,
				9CAF3BFC231CBB3A0030BF6F /* Release */,
			);
			defaultConfigurationIsVisible = 0;
			defaultConfigurationName = Release;
		};
/* End XCConfigurationList section */
	};
	rootObject = 9CAF3BC4231CBB390030BF6F /* Project object */;
}
